
Microsoft Visual Studio Solution File, Format Version 12.00
Project("{FAE04EC0-301F-11D3-BF4B-00C04F79EFBC}") = "DevQuestions.Domain", "src\DevQuestions.Domain\DevQuestions.Domain.csproj", "{21ECA7FC-760A-44B6-BD36-2BB27D0B71EA}"
EndProject
Project("{2150E333-8FDC-42A3-9474-1A3956D46DE8}") = "src", "src", "{FB704BC1-F77D-4DEE-9CEC-D83373171E53}"
EndProject
Project("{FAE04EC0-301F-11D3-BF4B-00C04F79EFBC}") = "DevQuestions.Web", "src\DevQuestions.Web\DevQuestions.Web.csproj", "{39146748-8CD5-403B-AF5E-04B3697B3364}"
EndProject
Project("{2150E333-8FDC-42A3-9474-1A3956D46DE8}") = "Solution Items", "Solution Items", "{9E5A9B05-6484-4CFF-B442-2DD3011FE046}"
	ProjectSection(SolutionItems) = preProject
		Directory.Build.props = Directory.Build.props
		.editorconfig = .editorconfig
	EndProjectSection
EndProject
Project("{FAE04EC0-301F-11D3-BF4B-00C04F79EFBC}") = "DevQuestions.Presenters", "src\DevQuestions.Presenters\DevQuestions.Presenters.csproj", "{6C435EA6-E425-4B4E-B90A-05500DFA1274}"
EndProject
Project("{FAE04EC0-301F-11D3-BF4B-00C04F79EFBC}") = "DevQuestions.Contracts", "src\DevQuestions.Contracts\DevQuestions.Contracts.csproj", "{0495A69C-96CD-4627-9FA4-4CE9F5DA258E}"
EndProject
Project("{FAE04EC0-301F-11D3-BF4B-00C04F79EFBC}") = "DevQuestions.Application", "src\DevQuestions.Application\DevQuestions.Application.csproj", "{31FBFB48-654B-4432-88AA-3B7D611CB50B}"
EndProject
Project("{FAE04EC0-301F-11D3-BF4B-00C04F79EFBC}") = "DevQuestions.Infrastructure.Postgres", "src\DevQuestions.Infrastructure.Postgres\DevQuestions.Infrastructure.Postgres.csproj", "{7DAD444D-38DB-46F3-8093-4D21F5942F65}"
EndProject
Project("{FAE04EC0-301F-11D3-BF4B-00C04F79EFBC}") = "Shared", "src\Shared\Shared.csproj", "{B13D9105-380D-487D-A71B-1E21E2F980E0}"
EndProject
Project("{FAE04EC0-301F-11D3-BF4B-00C04F79EFBC}") = "DevQuestions.Infrastructure.S3", "src\DevQuestions.Infrastructure.S3\DevQuestions.Infrastructure.S3.csproj", "{A9A02399-D961-4C96-9D20-FA4BA75F4AD9}"
EndProject
Project("{FAE04EC0-301F-11D3-BF4B-00C04F79EFBC}") = "DevQuestions.Infrastructure.ElasticSearch", "src\DevQuestions.Infrastructure.ElasticSearch\DevQuestions.Infrastructure.ElasticSearch.csproj", "{81320558-4AE5-4DCD-B9F0-9549E69F507B}"
EndProject
Global
	GlobalSection(SolutionConfigurationPlatforms) = preSolution
		Debug|Any CPU = Debug|Any CPU
		Release|Any CPU = Release|Any CPU
	EndGlobalSection
	GlobalSection(ProjectConfigurationPlatforms) = postSolution
		{21ECA7FC-760A-44B6-BD36-2BB27D0B71EA}.Debug|Any CPU.ActiveCfg = Debug|Any CPU
		{21ECA7FC-760A-44B6-BD36-2BB27D0B71EA}.Debug|Any CPU.Build.0 = Debug|Any CPU
		{21ECA7FC-760A-44B6-BD36-2BB27D0B71EA}.Release|Any CPU.ActiveCfg = Release|Any CPU
		{21ECA7FC-760A-44B6-BD36-2BB27D0B71EA}.Release|Any CPU.Build.0 = Release|Any CPU
		{39146748-8CD5-403B-AF5E-04B3697B3364}.Debug|Any CPU.ActiveCfg = Debug|Any CPU
		{39146748-8CD5-403B-AF5E-04B3697B3364}.Debug|Any CPU.Build.0 = Debug|Any CPU
		{39146748-8CD5-403B-AF5E-04B3697B3364}.Release|Any CPU.ActiveCfg = Release|Any CPU
		{39146748-8CD5-403B-AF5E-04B3697B3364}.Release|Any CPU.Build.0 = Release|Any CPU
		{6C435EA6-E425-4B4E-B90A-05500DFA1274}.Debug|Any CPU.ActiveCfg = Debug|Any CPU
		{6C435EA6-E425-4B4E-B90A-05500DFA1274}.Debug|Any CPU.Build.0 = Debug|Any CPU
		{6C435EA6-E425-4B4E-B90A-05500DFA1274}.Release|Any CPU.ActiveCfg = Release|Any CPU
		{6C435EA6-E425-4B4E-B90A-05500DFA1274}.Release|Any CPU.Build.0 = Release|Any CPU
		{0495A69C-96CD-4627-9FA4-4CE9F5DA258E}.Debug|Any CPU.ActiveCfg = Debug|Any CPU
		{0495A69C-96CD-4627-9FA4-4CE9F5DA258E}.Debug|Any CPU.Build.0 = Debug|Any CPU
		{0495A69C-96CD-4627-9FA4-4CE9F5DA258E}.Release|Any CPU.ActiveCfg = Release|Any CPU
		{0495A69C-96CD-4627-9FA4-4CE9F5DA258E}.Release|Any CPU.Build.0 = Release|Any CPU
		{31FBFB48-654B-4432-88AA-3B7D611CB50B}.Debug|Any CPU.ActiveCfg = Debug|Any CPU
		{31FBFB48-654B-4432-88AA-3B7D611CB50B}.Debug|Any CPU.Build.0 = Debug|Any CPU
		{31FBFB48-654B-4432-88AA-3B7D611CB50B}.Release|Any CPU.ActiveCfg = Release|Any CPU
		{31FBFB48-654B-4432-88AA-3B7D611CB50B}.Release|Any CPU.Build.0 = Release|Any CPU
		{7DAD444D-38DB-46F3-8093-4D21F5942F65}.Debug|Any CPU.ActiveCfg = Debug|Any CPU
		{7DAD444D-38DB-46F3-8093-4D21F5942F65}.Debug|Any CPU.Build.0 = Debug|Any CPU
		{7DAD444D-38DB-46F3-8093-4D21F5942F65}.Release|Any CPU.ActiveCfg = Release|Any CPU
		{7DAD444D-38DB-46F3-8093-4D21F5942F65}.Release|Any CPU.Build.0 = Release|Any CPU
		{B13D9105-380D-487D-A71B-1E21E2F980E0}.Debug|Any CPU.ActiveCfg = Debug|Any CPU
		{B13D9105-380D-487D-A71B-1E21E2F980E0}.Debug|Any CPU.Build.0 = Debug|Any CPU
		{B13D9105-380D-487D-A71B-1E21E2F980E0}.Release|Any CPU.ActiveCfg = Release|Any CPU
		{B13D9105-380D-487D-A71B-1E21E2F980E0}.Release|Any CPU.Build.0 = Release|Any CPU
		{A9A02399-D961-4C96-9D20-FA4BA75F4AD9}.Debug|Any CPU.ActiveCfg = Debug|Any CPU
		{A9A02399-D961-4C96-9D20-FA4BA75F4AD9}.Debug|Any CPU.Build.0 = Debug|Any CPU
		{A9A02399-D961-4C96-9D20-FA4BA75F4AD9}.Release|Any CPU.ActiveCfg = Release|Any CPU
		{A9A02399-D961-4C96-9D20-FA4BA75F4AD9}.Release|Any CPU.Build.0 = Release|Any CPU
		{81320558-4AE5-4DCD-B9F0-9549E69F507B}.Debug|Any CPU.ActiveCfg = Debug|Any CPU
		{81320558-4AE5-4DCD-B9F0-9549E69F507B}.Debug|Any CPU.Build.0 = Debug|Any CPU
		{81320558-4AE5-4DCD-B9F0-9549E69F507B}.Release|Any CPU.ActiveCfg = Release|Any CPU
		{81320558-4AE5-4DCD-B9F0-9549E69F507B}.Release|Any CPU.Build.0 = Release|Any CPU
	EndGlobalSection
	GlobalSection(NestedProjects) = preSolution
		{21ECA7FC-760A-44B6-BD36-2BB27D0B71EA} = {FB704BC1-F77D-4DEE-9CEC-D83373171E53}
		{39146748-8CD5-403B-AF5E-04B3697B3364} = {FB704BC1-F77D-4DEE-9CEC-D83373171E53}
		{6C435EA6-E425-4B4E-B90A-05500DFA1274} = {FB704BC1-F77D-4DEE-9CEC-D83373171E53}
		{0495A69C-96CD-4627-9FA4-4CE9F5DA258E} = {FB704BC1-F77D-4DEE-9CEC-D83373171E53}
		{31FBFB48-654B-4432-88AA-3B7D611CB50B} = {FB704BC1-F77D-4DEE-9CEC-D83373171E53}
		{7DAD444D-38DB-46F3-8093-4D21F5942F65} = {FB704BC1-F77D-4DEE-9CEC-D83373171E53}
		{B13D9105-380D-487D-A71B-1E21E2F980E0} = {FB704BC1-F77D-4DEE-9CEC-D83373171E53}
		{A9A02399-D961-4C96-9D20-FA4BA75F4AD9} = {FB704BC1-F77D-4DEE-9CEC-D83373171E53}
		{81320558-4AE5-4DCD-B9F0-9549E69F507B} = {FB704BC1-F77D-4DEE-9CEC-D83373171E53}
	EndGlobalSection
EndGlobal
